
Microsoft Visual Studio Solution File, Format Version 12.00
# Visual Studio Version 16
VisualStudioVersion = 16.0.30011.22
MinimumVisualStudioVersion = 10.0.40219.1
Project("{FAE04EC0-301F-11D3-BF4B-00C04F79EFBC}") = "ShopPositionOptimization", "ShopPositionOptimization\ShopPositionOptimization.csproj", "{EBD9C1D5-F3ED-4614-885E-6528B4076289}"
EndProject
Global
	GlobalSection(SolutionConfigurationPlatforms) = preSolution
		Debug|Any CPU = Debug|Any CPU
		Release|Any CPU = Release|Any CPU
	EndGlobalSection
	GlobalSection(ProjectConfigurationPlatforms) = postSolution
		{EBD9C1D5-F3ED-4614-885E-6528B4076289}.Debug|Any CPU.ActiveCfg = Debug|Any CPU
		{EBD9C1D5-F3ED-4614-885E-6528B4076289}.Debug|Any CPU.Build.0 = Debug|Any CPU
		{EBD9C1D5-F3ED-4614-885E-6528B4076289}.Release|Any CPU.ActiveCfg = Release|Any CPU
		{EBD9C1D5-F3ED-4614-885E-6528B4076289}.Release|Any CPU.Build.0 = Release|Any CPU
	EndGlobalSection
	GlobalSection(SolutionProperties) = preSolution
		HideSolutionNode = FALSE
	EndGlobalSection
	GlobalSection(ExtensibilityGlobals) = postSolution
		SolutionGuid = {E8931814-706E-4CA8-9368-8D557A626858}
	EndGlobalSection
EndGlobal
